
Microsoft Visual Studio Solution File, Format Version 12.00
# Visual Studio 15
VisualStudioVersion = 15.0.27004.2005
MinimumVisualStudioVersion = 10.0.40219.1
Project("{2150E333-8FDC-42A3-9474-1A3956D46DE8}") = "src", "src", "{AB835769-A78C-4A85-9909-EDE8B36B1A23}"
EndProject
Project("{2150E333-8FDC-42A3-9474-1A3956D46DE8}") = "Solution Items", "Solution Items", "{311F97C5-0624-49EC-9AD5-384849CA6517}"
	ProjectSection(SolutionItems) = preProject
		.gitattributes = .gitattributes
		.gitignore = .gitignore
	EndProjectSection
EndProject
Project("{2150E333-8FDC-42A3-9474-1A3956D46DE8}") = "test", "test", "{FC64C6F3-27FE-4F05-B38E-DE0D5456FE8D}"
EndProject
Project("{9A19103F-16F7-4668-BE54-9A1E7A4F7556}") = "JCSoft.Utils.Commons", "src\JCSoft.Utils.Commons\JCSoft.Utils.Commons.csproj", "{D17962D3-69C5-4B19-AFCC-2B794393C518}"
EndProject
Project("{9A19103F-16F7-4668-BE54-9A1E7A4F7556}") = "JCSoft.Utils.Datas", "src\JCSoft.Utils.Datas\JCSoft.Utils.Datas.csproj", "{6006DB39-894F-4598-940A-F40BF0E275FD}"
EndProject
Global
	GlobalSection(SolutionConfigurationPlatforms) = preSolution
		Debug|Any CPU = Debug|Any CPU
		Release|Any CPU = Release|Any CPU
	EndGlobalSection
	GlobalSection(ProjectConfigurationPlatforms) = postSolution
		{D17962D3-69C5-4B19-AFCC-2B794393C518}.Debug|Any CPU.ActiveCfg = Debug|Any CPU
		{D17962D3-69C5-4B19-AFCC-2B794393C518}.Debug|Any CPU.Build.0 = Debug|Any CPU
		{D17962D3-69C5-4B19-AFCC-2B794393C518}.Release|Any CPU.ActiveCfg = Release|Any CPU
		{D17962D3-69C5-4B19-AFCC-2B794393C518}.Release|Any CPU.Build.0 = Release|Any CPU
		{6006DB39-894F-4598-940A-F40BF0E275FD}.Debug|Any CPU.ActiveCfg = Debug|Any CPU
		{6006DB39-894F-4598-940A-F40BF0E275FD}.Debug|Any CPU.Build.0 = Debug|Any CPU
		{6006DB39-894F-4598-940A-F40BF0E275FD}.Release|Any CPU.ActiveCfg = Release|Any CPU
		{6006DB39-894F-4598-940A-F40BF0E275FD}.Release|Any CPU.Build.0 = Release|Any CPU
	EndGlobalSection
	GlobalSection(SolutionProperties) = preSolution
		HideSolutionNode = FALSE
	EndGlobalSection
	GlobalSection(NestedProjects) = preSolution
		{D17962D3-69C5-4B19-AFCC-2B794393C518} = {AB835769-A78C-4A85-9909-EDE8B36B1A23}
		{6006DB39-894F-4598-940A-F40BF0E275FD} = {AB835769-A78C-4A85-9909-EDE8B36B1A23}
	EndGlobalSection
	GlobalSection(ExtensibilityGlobals) = postSolution
		SolutionGuid = {115AFB43-59DF-4370-B456-4F2811CA6D1F}
	EndGlobalSection
EndGlobal
